SITE
  remote: http://community.opscode.com/api/v1
  specs:
    chef_gem (0.1.0)
    dmg (1.1.0)
    homebrew (1.3.2)

GIT
  remote: https://github.com/bflad/chef-bflad
  ref: master
  sha: 47c7e6cbc12e6228f2badb5b6557b8102a992dcb
  specs:
    bflad (0.0.2)
      homebrew (>= 0.0.0)
      rvm (>= 0.0.0)

GIT
  remote: https://github.com/bflad/chef-jtds
  ref: master
  sha: 487c89edc8c71d1ee140ddb38610a832b62a60f5
  specs:
    jtds (0.1.0)

GIT
  remote: https://github.com/fnichol/chef-rvm
  ref: master
  sha: 08a06bc7c3c9fd0fb6b3a9b80f27bd74e109660c
  specs:
    rvm (0.9.1)
      chef_gem (>= 0.0.0)

DEPENDENCIES
  bflad (>= 0)
  dmg (>= 0)
  homebrew (>= 0)
  jtds (>= 0)
  rvm (>= 0)

