SITE
  remote: http://community.opscode.com/api/v1
  specs:
    7-zip (1.0.2)
      windows (>= 1.2.2)
    apache2 (1.11.0)
      freebsd (>= 0.0.0)
      iptables (>= 0.0.0)
      logrotate (>= 0.0.0)
      pacman (>= 0.0.0)
    apt (2.9.2)
    ark (0.9.0)
      7-zip (>= 0.0.0)
      windows (>= 0.0.0)
    aws (2.7.2)
    build-essential (2.2.4)
    chef-sugar (3.1.1)
    chef_gem (0.1.0)
    chef_handler (1.1.6)
    compat_resource (12.5.14)
    control_groups (0.1.6)
    cron (1.7.0)
    database (2.3.1)
      aws (>= 0.0.0)
      mysql (~> 5.0)
      mysql-chef_gem (~> 0.0)
      postgresql (>= 1.0.0)
      xfs (>= 0.0.0)
    dmg (2.2.2)
    dpkg_autostart (0.1.12)
    freebsd (0.4.0)
    git (4.1.0)
      build-essential (>= 0.0.0)
      dmg (>= 0.0.0)
      runit (>= 1.0)
      windows (>= 0.0.0)
      yum (~> 3.0)
      yum-epel (>= 0.0.0)
    golang (1.5.0)
    homebrew (1.12.0)
      build-essential (>= 2.1.2)
    install_from (3.0.4)
    iptables (2.0.1)
      compat_resource (>= 0.0.0)
    iptables-ng (2.2.6)
    java (1.29.0)
    logrotate (1.9.2)
    lxc (2.0.0)
      dpkg_autostart (>= 0.1.10)
      iptables-ng (>= 0.0.0)
      polipo (>= 0.0.0)
    mercurial (2.0.4)
      build-essential (>= 0.0.0)
      python (>= 0.0.0)
      windows (>= 0.0.0)
    metachef (3.0.4)
    modules (0.2.0)
    mysql (5.6.3)
      yum-mysql-community (>= 0.0.0)
    mysql-chef_gem (0.0.5)
      build-essential (>= 0.0.0)
      mysql (>= 0.0.0)
    ohai (2.0.1)
    openssl (4.4.0)
      chef-sugar (>= 3.1.1)
    pacman (1.1.1)
    perl (1.2.4)
    polipo (0.1.0)
    postgresql (3.4.24)
      apt (>= 1.9.0)
      build-essential (>= 0.0.0)
      openssl (~> 4.0)
    powershell (1.1.2)
      windows (>= 1.2.8)
    python (1.4.4)
      build-essential (>= 0.0.0)
      yum (>= 0.0.0)
    redis (3.0.4)
      install_from (>= 0.0.0)
      metachef (>= 0.0.0)
      runit (>= 0.0.0)
    runit (1.5.18)
      build-essential (>= 0.0.0)
      yum (~> 3.0)
      yum-epel (>= 0.0.0)
    sysctl (0.6.2)
      ohai (>= 0.0.0)
    xfs (1.1.1)
    yum (3.8.2)
    yum-epel (0.6.5)
      yum (~> 3.2)
    yum-mysql-community (0.1.19)
      yum (>= 3.2)

GIT
  remote: https://github.com/SimpleFinance/chef-windows.git
  ref: master
  sha: 42cfe55d4946fa3d9ac41ada2c0f68e3b82cfce4
  specs:
    windows (1.11.1)
      chef_handler (>= 0.0.0)

GIT
  remote: https://github.com/bflad/chef-aufs
  ref: master
  sha: e250a6a92d82ee1d4b2b6b07e8309e57f649a7c5
  specs:
    aufs (0.1.1)
      apt (>= 0.0.0)
      modules (>= 0.0.0)

GIT
  remote: https://github.com/bflad/chef-auto-patch
  ref: master
  sha: 70300ec8c22b08bc334685651651ad3212589379
  specs:
    auto-patch (0.1.10)
      cron (>= 0.0.0)

GIT
  remote: https://github.com/bflad/chef-bflad
  ref: master
  sha: 47c7e6cbc12e6228f2badb5b6557b8102a992dcb
  specs:
    bflad (0.0.2)
      homebrew (>= 0.0.0)
      rvm (>= 0.0.0)

GIT
  remote: https://github.com/bflad/chef-cacti
  ref: master
  sha: 15e1c2667187d54e28192018d19b24f0c404f62f
  specs:
    cacti (0.6.0)
      apache2 (~> 1.0)
      apt (>= 0.0.0)
      build-essential (>= 0.0.0)
      cron (>= 0.0.0)
      database (= 2.3.1)
      mysql (~> 5.0)
      yum-epel (>= 0.0.0)

GIT
  remote: https://github.com/bflad/chef-confluence
  ref: master
  sha: 2802acb1c7c886a05090ef3f96df8b5e276246ff
  specs:
    confluence (1.7.0)
      apache2 (>= 0.0.0)
      database (>= 0.0.0)
      mysql (>= 0.0.0)
      mysql_connector (>= 0.0.0)
      postgresql (>= 0.0.0)

GIT
  remote: https://github.com/bflad/chef-device-mapper
  ref: master
  sha: 2ff19d6b8d0b9ebae6b579db6d82b8921fd3c59c
  specs:
    device-mapper (0.1.0)
      apt (>= 0.0.0)
      modules (>= 0.0.0)

GIT
  remote: https://github.com/bflad/chef-docker
  ref: master
  sha: 2f79033ac65f527a7503f4dc9f32488063182391
  specs:
    docker (0.37.0)
      apt (>= 0.0.0)
      aufs (>= 0.1.1)
      device-mapper (>= 0.1.0)
      git (>= 0.0.0)
      golang (>= 0.0.0)
      homebrew (>= 0.0.0)
      iptables (>= 0.0.0)
      lxc (>= 1.1.6)
      modules (>= 0.0.0)
      runit (>= 0.0.0)
      sysctl (>= 0.0.0)
      yum-epel (>= 0.0.0)

GIT
  remote: https://github.com/bflad/chef-gflags
  ref: master
  sha: 57eb71deb28a69cdd9177e6cacb041ee46ba7762
  specs:
    gflags (1.0.1)
      apt (>= 0.0.0)
      build-essential (>= 0.0.0)
      yum (>= 0.0.0)

GIT
  remote: https://github.com/bflad/chef-java-management
  ref: master
  sha: 4cdd7c693d0fb760a6bb2748691ff8d07d3d5f7a
  specs:
    java-management (1.0.3)
      java (>= 0.0.0)

GIT
  remote: https://github.com/bflad/chef-jira
  ref: master
  sha: 8b3d0835fac9e665b8d70b2c80ef5523bbbe9016
  specs:
    jira (1.7.0)
      apache2 (>= 0.0.0)
      database (>= 0.0.0)
      java (>= 0.0.0)
      mysql (>= 0.0.0)
      mysql_connector (>= 0.0.0)
      postgresql (>= 0.0.0)

GIT
  remote: https://github.com/bflad/chef-jtds
  ref: master
  sha: 1aa0860774a435cae33ad803d432f964f40a680e
  specs:
    jtds (0.1.0)

GIT
  remote: https://github.com/bflad/chef-lmctfy
  ref: master
  sha: 9f9221036c8958939f08f8dde3dafa169e8d9490
  specs:
    lmctfy (0.2.1)
      apt (>= 0.0.0)
      build-essential (>= 0.0.0)
      control_groups (>= 0.0.0)
      gflags (>= 0.0.0)
      git (>= 0.0.0)
      protobuf (>= 0.0.0)
      re2 (>= 0.0.0)

GIT
  remote: https://github.com/bflad/chef-lsyncd
  ref: master
  sha: 91136e849173f6539a485b599db72cac43489b65
  specs:
    lsyncd (0.1.2)

GIT
  remote: https://github.com/bflad/chef-mysql_connector
  ref: master
  sha: 13da12bf9822b459bc8f2433b8f6134ad1bfe5ff
  specs:
    mysql_connector (0.7.3)

GIT
  remote: https://github.com/bflad/chef-protobuf
  ref: master
  sha: 935bf33b95cb29116d21f36285bc9ceb4e0ec1e5
  specs:
    protobuf (1.2.0)
      apt (>= 0.0.0)
      build-essential (>= 0.0.0)
      yum (>= 0.0.0)
      yum-epel (>= 0.0.0)

GIT
  remote: https://github.com/bflad/chef-re2
  ref: master
  sha: 9f5cd095caa5e20dbb2b41292a1aa0bdc3e29f06
  specs:
    re2 (0.3.0)
      build-essential (>= 0.0.0)
      mercurial (>= 0.0.0)
      yum (>= 0.0.0)

GIT
  remote: https://github.com/bflad/chef-rhn
  ref: master
  sha: 41ca81e9277c09afe357a46526a7422400a0d96d
  specs:
    rhn (0.3.0)

GIT
  remote: https://github.com/bflad/chef-scipy
  ref: master
  sha: 8ed98b34aa39c3e526da04ec123aecc31597cf07
  specs:
    scipy (0.3.1)
      apt (>= 0.0.0)
      python (>= 0.0.0)
      yum-epel (>= 0.0.0)

GIT
  remote: https://github.com/bflad/chef-skyline
  ref: master
  sha: c4dbbfeddc1e4dcbcfd8aed9ab8a218134d6dbc3
  specs:
    skyline (0.3.0)
      git (>= 0.0.0)
      python (>= 0.0.0)
      redis (>= 0.0.0)
      scipy (>= 0.0.0)

GIT
  remote: https://github.com/bflad/chef-stash
  ref: master
  sha: 0682b89205e874e2227f08b1a6abc5e3d9f4f09e
  specs:
    stash (3.14.0)
      apache2 (>= 0.0.0)
      ark (>= 0.0.0)
      cron (>= 0.0.0)
      database (>= 0.0.0)
      git (>= 0.0.0)
      java (>= 0.0.0)
      mysql (~> 5.0)
      mysql_connector (>= 0.0.0)
      perl (>= 0.0.0)
      postgresql (>= 0.0.0)

GIT
  remote: https://github.com/bflad/chef-wkhtmltopdf
  ref: master
  sha: 2a606b07ec8dcee2ae145f71e2e1d32229935c70
  specs:
    wkhtmltopdf (0.2.0)
      apt (>= 0.0.0)

GIT
  remote: https://github.com/fnichol/chef-rvm
  ref: master
  sha: 26ad5c043c70ea98855a049fbbacb7ffc5ad73e3
  specs:
    rvm (0.9.1)
      chef_gem (>= 0.0.0)

DEPENDENCIES
  aufs (>= 0)
  auto-patch (>= 0)
  bflad (>= 0)
  cacti (>= 0)
  confluence (>= 0)
  device-mapper (>= 0)
  dmg (>= 0)
  docker (>= 0)
  gflags (>= 0)
  homebrew (>= 0)
  java-management (>= 0)
  jira (>= 0)
  jtds (>= 0)
  lmctfy (>= 0)
  lsyncd (>= 0)
  mysql_connector (>= 0)
  powershell (>= 0)
  protobuf (>= 0)
  re2 (>= 0)
  rhn (>= 0)
  rvm (>= 0)
  scipy (>= 0)
  skyline (>= 0)
  stash (>= 0)
  windows (>= 0)
  wkhtmltopdf (>= 0)

