SITE
  remote: http://community.opscode.com/api/v1
  specs:
    apache2 (1.6.6)
    apt (2.0.0)
    aws (0.101.2)
    build-essential (1.4.0)
    chef_gem (0.1.0)
    chef_handler (1.1.4)
    database (1.4.0)
      aws (>= 0.0.0)
      mysql (>= 1.3.0)
      postgresql (>= 1.0.0)
      xfs (>= 0.0.0)
    dmg (1.1.0)
    git (2.5.2)
      build-essential (>= 0.0.0)
      dmg (>= 0.0.0)
      runit (>= 1.0)
      windows (>= 0.0.0)
      yum (>= 0.0.0)
    golang (1.0.2)
    homebrew (1.3.2)
    install_from (3.0.4)
    java (1.11.6)
      windows (>= 0.0.0)
    lxc (1.0.0)
    metachef (3.0.4)
    modules (0.1.2)
    mysql (3.0.2)
      build-essential (> 1.1.0)
      openssl (>= 0.0.0)
    openssl (1.0.2)
    perl (1.1.2)
    postgresql (3.0.2)
      apt (>= 0.0.0)
      build-essential (>= 0.0.0)
      openssl (>= 0.0.0)
    python (1.3.4)
      build-essential (>= 0.0.0)
      yum (>= 0.0.0)
    redis (3.0.4)
      install_from (>= 0.0.0)
      metachef (>= 0.0.0)
      runit (>= 0.0.0)
    runit (1.1.6)
      build-essential (>= 0.0.0)
      yum (>= 0.0.0)
    windows (1.10.0)
      chef_handler (>= 0.0.0)
    xfs (1.1.0)
    yum (2.3.0)

GIT
  remote: https://github.com/bflad/chef-bflad
  ref: master
  sha: 47c7e6cbc12e6228f2badb5b6557b8102a992dcb
  specs:
    bflad (0.0.2)
      homebrew (>= 0.0.0)
      rvm (>= 0.0.0)

GIT
  remote: https://github.com/bflad/chef-confluence
  ref: master
  sha: 7015e8b572dc87bd14d69a2c0039b1b71d421495
  specs:
    confluence (1.2.1)
      apache2 (>= 0.0.0)
      database (>= 0.0.0)
      mysql (>= 0.0.0)
      mysql_connector (>= 0.0.0)
      postgresql (>= 0.0.0)

GIT
  remote: https://github.com/bflad/chef-docker
  ref: master
  sha: 5da94369a06ce78fb8d8e2215174f83db04297cf
  specs:
    docker (0.4.0)
      apt (>= 0.0.0)
      git (>= 0.0.0)
      golang (>= 0.0.0)
      lxc (>= 0.0.0)
      modules (>= 0.0.0)

GIT
  remote: https://github.com/bflad/chef-jira
  ref: master
  sha: c6ebcee0e0edbfc478fcbfae48b6aaabe26db4dd
  specs:
    jira (1.2.0)
      apache2 (>= 0.0.0)
      database (>= 0.0.0)
      java (>= 0.0.0)
      mysql (>= 0.0.0)
      mysql_connector (>= 0.0.0)
      postgresql (>= 0.0.0)

GIT
  remote: https://github.com/bflad/chef-jtds
  ref: master
  sha: 487c89edc8c71d1ee140ddb38610a832b62a60f5
  specs:
    jtds (0.1.0)

GIT
  remote: https://github.com/bflad/chef-mysql_connector
  ref: master
  sha: 3647b6c3dfdecc011082f69436e20c90be5a1350
  specs:
    mysql_connector (0.4.0)

GIT
  remote: https://github.com/bflad/chef-scipy
  ref: master
  sha: 359c6b74c956ede6239b0c1e4a7cc522009dc7e5
  specs:
    scipy (0.1.0)
      apt (>= 0.0.0)
      python (>= 0.0.0)
      yum (>= 0.0.0)

GIT
  remote: https://github.com/bflad/chef-skyline
  ref: master
  sha: 115f96a68324443fb9014c510ffa241c2b19f7df
  specs:
    skyline (0.1.4)
      git (>= 0.0.0)
      python (>= 0.0.0)
      redis (>= 0.0.0)
      scipy (>= 0.0.0)

GIT
  remote: https://github.com/bflad/chef-stash
  ref: master
  sha: e87adeb12499b80eafc76ff803acfd83398eb92a
  specs:
    stash (2.14.0)
      apache2 (>= 0.0.0)
      database (>= 0.0.0)
      git (>= 0.0.0)
      java (>= 0.0.0)
      mysql (>= 0.0.0)
      mysql_connector (>= 0.0.0)
      perl (>= 0.0.0)
      postgresql (>= 0.0.0)

GIT
  remote: https://github.com/fnichol/chef-rvm
  ref: master
  sha: 08a06bc7c3c9fd0fb6b3a9b80f27bd74e109660c
  specs:
    rvm (0.9.1)
      chef_gem (>= 0.0.0)

DEPENDENCIES
  bflad (>= 0)
  confluence (>= 0)
  dmg (>= 0)
  docker (>= 0)
  homebrew (>= 0)
  jira (>= 0)
  jtds (>= 0)
  mysql_connector (>= 0)
  rvm (>= 0)
  scipy (>= 0)
  skyline (>= 0)
  stash (>= 0)

